<?xml version="1.0" encoding="utf-8"?>
<Project ToolsVersion="4.0" xmlns="http://schemas.microsoft.com/developer/msbuild/2003">
  <ItemGroup>
    <Filter Include="core">
      <UniqueIdentifier>{5baecd8c-9152-4451-980f-3a78b805f3cb}</UniqueIdentifier>
    </Filter>
    <Filter Include="luabind">
      <UniqueIdentifier>{45fb4bf3-732b-45be-af6d-404f94d0c84f}</UniqueIdentifier>
    </Filter>
    <Filter Include="etc">
      <UniqueIdentifier>{b3041925-1652-483d-a3a7-e31f920cc84d}</UniqueIdentifier>
    </Filter>
  </ItemGroup>
  <ItemGroup>
    <ClCompile Include="LuaJIT\src\lapi.c">
      <Filter>core</Filter>
    </ClCompile>
    <ClCompile Include="LuaJIT\src\lauxlib.c">
      <Filter>core</Filter>
    </ClCompile>
    <ClCompile Include="LuaJIT\src\lbaselib.c">
      <Filter>core</Filter>
    </ClCompile>
    <ClCompile Include="LuaJIT\src\lcoco.c">
      <Filter>core</Filter>
    </ClCompile>
    <ClCompile Include="LuaJIT\src\lcocolib.c">
      <Filter>core</Filter>
    </ClCompile>
    <ClCompile Include="LuaJIT\src\lcode.c">
      <Filter>core</Filter>
    </ClCompile>
    <ClCompile Include="LuaJIT\src\ldblib.c">
      <Filter>core</Filter>
    </ClCompile>
    <ClCompile Include="LuaJIT\src\ldebug.c">
      <Filter>core</Filter>
    </ClCompile>
    <ClCompile Include="LuaJIT\src\ldo.c">
      <Filter>core</Filter>
    </ClCompile>
    <ClCompile Include="LuaJIT\src\ldump.c">
      <Filter>core</Filter>
    </ClCompile>
    <ClCompile Include="LuaJIT\src\lfunc.c">
      <Filter>core</Filter>
    </ClCompile>
    <ClCompile Include="LuaJIT\src\lgc.c">
      <Filter>core</Filter>
    </ClCompile>
    <ClCompile Include="LuaJIT\src\linit.c">
      <Filter>core</Filter>
    </ClCompile>
    <ClCompile Include="LuaJIT\src\liolib.c">
      <Filter>core</Filter>
    </ClCompile>
    <ClCompile Include="LuaJIT\src\ljit_backend.c">
      <Filter>core</Filter>
    </ClCompile>
    <ClCompile Include="LuaJIT\src\ljit_core.c">
      <Filter>core</Filter>
    </ClCompile>
    <ClCompile Include="LuaJIT\src\ljit_dasm.c">
      <Filter>core</Filter>
    </ClCompile>
    <ClCompile Include="LuaJIT\src\ljit_mem.c">
      <Filter>core</Filter>
    </ClCompile>
    <ClCompile Include="LuaJIT\src\ljitlib.c">
      <Filter>core</Filter>
    </ClCompile>
    <ClCompile Include="LuaJIT\src\llex.c">
      <Filter>core</Filter>
    </ClCompile>
    <ClCompile Include="LuaJIT\src\lmathlib.c">
      <Filter>core</Filter>
    </ClCompile>
    <ClCompile Include="LuaJIT\src\lmem.c">
      <Filter>core</Filter>
    </ClCompile>
    <ClCompile Include="LuaJIT\src\loadlib.c">
      <Filter>core</Filter>
    </ClCompile>
    <ClCompile Include="LuaJIT\src\lobject.c">
      <Filter>core</Filter>
    </ClCompile>
    <ClCompile Include="LuaJIT\src\lopcodes.c">
      <Filter>core</Filter>
    </ClCompile>
    <ClCompile Include="LuaJIT\src\loslib.c">
      <Filter>core</Filter>
    </ClCompile>
    <ClCompile Include="LuaJIT\src\lparser.c">
      <Filter>core</Filter>
    </ClCompile>
    <ClCompile Include="LuaJIT\src\lstate.c">
      <Filter>core</Filter>
    </ClCompile>
    <ClCompile Include="LuaJIT\src\lstring.c">
      <Filter>core</Filter>
    </ClCompile>
    <ClCompile Include="LuaJIT\src\lstrlib.c">
      <Filter>core</Filter>
    </ClCompile>
    <ClCompile Include="LuaJIT\src\ltable.c">
      <Filter>core</Filter>
    </ClCompile>
    <ClCompile Include="LuaJIT\src\ltablib.c">
      <Filter>core</Filter>
    </ClCompile>
    <ClCompile Include="LuaJIT\src\ltm.c">
      <Filter>core</Filter>
    </ClCompile>
    <ClCompile Include="LuaJIT\src\lundump.c">
      <Filter>core</Filter>
    </ClCompile>
    <ClCompile Include="LuaJIT\src\lvm.c">
      <Filter>core</Filter>
    </ClCompile>
    <ClCompile Include="LuaJIT\src\lzio.c">
      <Filter>core</Filter>
    </ClCompile>
    <ClCompile Include="Luabind\src\class.cpp">
      <Filter>luabind</Filter>
    </ClCompile>
    <ClCompile Include="Luabind\src\class_info.cpp">
      <Filter>luabind</Filter>
    </ClCompile>
    <ClCompile Include="Luabind\src\class_registry.cpp">
      <Filter>luabind</Filter>
    </ClCompile>
    <ClCompile Include="Luabind\src\class_rep.cpp">
      <Filter>luabind</Filter>
    </ClCompile>
    <ClCompile Include="Luabind\src\create_class.cpp">
      <Filter>luabind</Filter>
    </ClCompile>
    <ClCompile Include="Luabind\src\error.cpp">
      <Filter>luabind</Filter>
    </ClCompile>
    <ClCompile Include="Luabind\src\find_best_match.cpp">
      <Filter>luabind</Filter>
    </ClCompile>
    <ClCompile Include="Luabind\src\function.cpp">
      <Filter>luabind</Filter>
    </ClCompile>
    <ClCompile Include="Luabind\src\implicit_cast.cpp">
      <Filter>luabind</Filter>
    </ClCompile>
    <ClCompile Include="Luabind\src\link_compatibility.cpp">
      <Filter>luabind</Filter>
    </ClCompile>
    <ClCompile Include="Luabind\src\object.cpp">
      <Filter>luabind</Filter>
    </ClCompile>
    <ClCompile Include="Luabind\src\object_rep.cpp">
      <Filter>luabind</Filter>
    </ClCompile>
    <ClCompile Include="Luabind\src\open.cpp">
      <Filter>luabind</Filter>
    </ClCompile>
    <ClCompile Include="Luabind\src\pcall.cpp">
      <Filter>luabind</Filter>
    </ClCompile>
    <ClCompile Include="Luabind\src\ref.cpp">
      <Filter>luabind</Filter>
    </ClCompile>
    <ClCompile Include="Luabind\src\scope.cpp">
      <Filter>luabind</Filter>
    </ClCompile>
    <ClCompile Include="Luabind\src\stack_content_by_name.cpp">
      <Filter>luabind</Filter>
    </ClCompile>
    <ClCompile Include="Luabind\src\weak_ref.cpp">
      <Filter>luabind</Filter>
    </ClCompile>
    <ClCompile Include="Luabind\src\wrapper_base.cpp">
      <Filter>luabind</Filter>
    </ClCompile>
    <ClCompile Include="StdAfx.cpp" />
  </ItemGroup>
  <ItemGroup>
    <ClInclude Include="LuaJIT\src\lapi.h">
      <Filter>core</Filter>
    </ClInclude>
    <ClInclude Include="LuaJIT\src\lauxlib.h">
      <Filter>core</Filter>
    </ClInclude>
    <ClInclude Include="LuaJIT\src\lcoco.h">
      <Filter>core</Filter>
    </ClInclude>
    <ClInclude Include="LuaJIT\src\lcode.h">
      <Filter>core</Filter>
    </ClInclude>
    <ClInclude Include="LuaJIT\src\ldebug.h">
      <Filter>core</Filter>
    </ClInclude>
    <ClInclude Include="LuaJIT\src\ldo.h">
      <Filter>core</Filter>
    </ClInclude>
    <ClInclude Include="LuaJIT\src\lfunc.h">
      <Filter>core</Filter>
    </ClInclude>
    <ClInclude Include="LuaJIT\src\lgc.h">
      <Filter>core</Filter>
    </ClInclude>
    <ClInclude Include="LuaJIT\src\ljit.h">
      <Filter>core</Filter>
    </ClInclude>
    <ClInclude Include="LuaJIT\src\ljit_dasm.h">
      <Filter>core</Filter>
    </ClInclude>
    <ClInclude Include="LuaJIT\src\ljit_hints.h">
      <Filter>core</Filter>
    </ClInclude>
    <ClInclude Include="LuaJIT\src\ljit_x86.h">
      <Filter>core</Filter>
    </ClInclude>
    <ClInclude Include="LuaJIT\src\llex.h">
      <Filter>core</Filter>
    </ClInclude>
    <ClInclude Include="LuaJIT\src\llimits.h">
      <Filter>core</Filter>
    </ClInclude>
    <ClInclude Include="LuaJIT\src\lmem.h">
      <Filter>core</Filter>
    </ClInclude>
    <ClInclude Include="LuaJIT\src\lobject.h">
      <Filter>core</Filter>
    </ClInclude>
    <ClInclude Include="LuaJIT\src\lopcodes.h">
      <Filter>core</Filter>
    </ClInclude>
    <ClInclude Include="LuaJIT\src\lparser.h">
      <Filter>core</Filter>
    </ClInclude>
    <ClInclude Include="LuaJIT\src\lstate.h">
      <Filter>core</Filter>
    </ClInclude>
    <ClInclude Include="LuaJIT\src\lstring.h">
      <Filter>core</Filter>
    </ClInclude>
    <ClInclude Include="LuaJIT\src\ltable.h">
      <Filter>core</Filter>
    </ClInclude>
    <ClInclude Include="LuaJIT\src\ltm.h">
      <Filter>core</Filter>
    </ClInclude>
    <ClInclude Include="LuaJIT\src\lua.h">
      <Filter>core</Filter>
    </ClInclude>
    <ClInclude Include="LuaJIT\src\luaconf.h">
      <Filter>core</Filter>
    </ClInclude>
    <ClInclude Include="LuaJIT\src\luajit.h">
      <Filter>core</Filter>
    </ClInclude>
    <ClInclude Include="LuaJIT\src\lualib.h">
      <Filter>core</Filter>
    </ClInclude>
    <ClInclude Include="LuaJIT\src\lundump.h">
      <Filter>core</Filter>
    </ClInclude>
    <ClInclude Include="LuaJIT\src\lvm.h">
      <Filter>core</Filter>
    </ClInclude>
    <ClInclude Include="LuaJIT\src\lzio.h">
      <Filter>core</Filter>
    </ClInclude>
    <ClInclude Include="LuaJIT\dynasm\dasm_proto.h">
      <Filter>etc</Filter>
    </ClInclude>
    <ClInclude Include="LuaJIT\dynasm\dasm_x86.h">
      <Filter>etc</Filter>
    </ClInclude>
    <ClInclude Include="StdAfx.h" />
  </ItemGroup>
  <ItemGroup>
    <None Include="LuaJIT\dynasm\dasm_x86.lua">
      <Filter>etc</Filter>
    </None>
    <None Include="LuaJIT\jitlib\dump.lua">
      <Filter>etc</Filter>
    </None>
    <None Include="LuaJIT\jitlib\dumphints.lua">
      <Filter>etc</Filter>
    </None>
    <None Include="LuaJIT\dynasm\dynasm.lua">
      <Filter>etc</Filter>
    </None>
    <None Include="LuaJIT\jitlib\opt.lua">
      <Filter>etc</Filter>
    </None>
    <None Include="LuaJIT\jitlib\opt_lib.lua">
      <Filter>etc</Filter>
    </None>
    <None Include="LuaJIT\jitlib\trace.lua">
      <Filter>etc</Filter>
    </None>
  </ItemGroup>
</Project>